{
  "name": "castlecss",
  "version": "2.4.0",
  "lockfileVersion": 1,
  "requires": true,
  "dependencies": {
    "castlecss-stickers": {
      "version": "1.0.0",
      "resolved": "https://registry.npmjs.org/castlecss-stickers/-/castlecss-stickers-1.0.0.tgz",
      "integrity": "sha512-xDaxnkT3rr6Gyl842fXQL7YhbjmxMwnmL4eZPPjWKTqaxVhgQYAwmC5EKWgnPoUt+lOzJmH5snpw5i1qiBGyvA=="
    }
  }
}
